
Microsoft Visual Studio Solution File, Format Version 12.00
# Visual Studio Version 16
VisualStudioVersion = 16.0.31624.102
MinimumVisualStudioVersion = 10.0.40219.1
Project("{888888A0-9F3D-457C-B088-3A5042F75D52}") = "Lab1_Py", "Lab1_Py.pyproj", "{58273212-5A3B-422B-B9BA-40581C5EA9AB}"
EndProject
Global
	GlobalSection(SolutionConfigurationPlatforms) = preSolution
		Debug|Any CPU = Debug|Any CPU
		Release|Any CPU = Release|Any CPU
	EndGlobalSection
	GlobalSection(ProjectConfigurationPlatforms) = postSolution
		{58273212-5A3B-422B-B9BA-40581C5EA9AB}.Debug|Any CPU.ActiveCfg = Debug|Any CPU
		{58273212-5A3B-422B-B9BA-40581C5EA9AB}.Release|Any CPU.ActiveCfg = Release|Any CPU
	EndGlobalSection
	GlobalSection(SolutionProperties) = preSolution
		HideSolutionNode = FALSE
	EndGlobalSection
	GlobalSection(ExtensibilityGlobals) = postSolution
		SolutionGuid = {67E9F5C4-C530-464D-BEC3-55EAFD5574A1}
	EndGlobalSection
EndGlobal
