
Microsoft Visual Studio Solution File, Format Version 12.00
# Visual Studio Version 17
VisualStudioVersion = 17.1.32228.430
MinimumVisualStudioVersion = 10.0.40219.1
Project("{888888A0-9F3D-457C-B088-3A5042F75D52}") = "ip11_lesiv_02", "ip11_lesiv_02.pyproj", "{51B33227-99A2-4C19-B57B-7AAF55A22CD1}"
EndProject
Global
	GlobalSection(SolutionConfigurationPlatforms) = preSolution
		Debug|Any CPU = Debug|Any CPU
		Release|Any CPU = Release|Any CPU
	EndGlobalSection
	GlobalSection(ProjectConfigurationPlatforms) = postSolution
		{51B33227-99A2-4C19-B57B-7AAF55A22CD1}.Debug|Any CPU.ActiveCfg = Debug|Any CPU
		{51B33227-99A2-4C19-B57B-7AAF55A22CD1}.Release|Any CPU.ActiveCfg = Release|Any CPU
	EndGlobalSection
	GlobalSection(SolutionProperties) = preSolution
		HideSolutionNode = FALSE
	EndGlobalSection
	GlobalSection(ExtensibilityGlobals) = postSolution
		SolutionGuid = {D7A926FA-EC6A-46FB-AE4D-F1A992AA6906}
	EndGlobalSection
EndGlobal
