
Microsoft Visual Studio Solution File, Format Version 12.00
# Visual Studio Version 16
VisualStudioVersion = 16.0.31624.102
MinimumVisualStudioVersion = 10.0.40219.1
Project("{888888A0-9F3D-457C-B088-3A5042F75D52}") = "Lab2_py", "Lab2_py.pyproj", "{71A236BE-32BF-4E05-96A5-86360AA19E68}"
EndProject
Global
	GlobalSection(SolutionConfigurationPlatforms) = preSolution
		Debug|Any CPU = Debug|Any CPU
		Release|Any CPU = Release|Any CPU
	EndGlobalSection
	GlobalSection(ProjectConfigurationPlatforms) = postSolution
		{71A236BE-32BF-4E05-96A5-86360AA19E68}.Debug|Any CPU.ActiveCfg = Debug|Any CPU
		{71A236BE-32BF-4E05-96A5-86360AA19E68}.Release|Any CPU.ActiveCfg = Release|Any CPU
	EndGlobalSection
	GlobalSection(SolutionProperties) = preSolution
		HideSolutionNode = FALSE
	EndGlobalSection
	GlobalSection(ExtensibilityGlobals) = postSolution
		SolutionGuid = {568A7CBD-11B1-4316-9CC4-EED520FA9A5D}
	EndGlobalSection
EndGlobal
