
Microsoft Visual Studio Solution File, Format Version 12.00
# Visual Studio Version 16
VisualStudioVersion = 16.0.31624.102
MinimumVisualStudioVersion = 10.0.40219.1
Project("{8BC9CEB8-8B4A-11D0-8D11-00A0C91BC942}") = "Lab7_Cpp", "Lab7_Cpp.vcxproj", "{3BEF5129-97AE-4B06-9807-1BBF057603B8}"
EndProject
Global
	GlobalSection(SolutionConfigurationPlatforms) = preSolution
		Debug|x64 = Debug|x64
		Debug|x86 = Debug|x86
		Release|x64 = Release|x64
		Release|x86 = Release|x86
	EndGlobalSection
	GlobalSection(ProjectConfigurationPlatforms) = postSolution
		{3BEF5129-97AE-4B06-9807-1BBF057603B8}.Debug|x64.ActiveCfg = Debug|x64
		{3BEF5129-97AE-4B06-9807-1BBF057603B8}.Debug|x64.Build.0 = Debug|x64
		{3BEF5129-97AE-4B06-9807-1BBF057603B8}.Debug|x86.ActiveCfg = Debug|Win32
		{3BEF5129-97AE-4B06-9807-1BBF057603B8}.Debug|x86.Build.0 = Debug|Win32
		{3BEF5129-97AE-4B06-9807-1BBF057603B8}.Release|x64.ActiveCfg = Release|x64
		{3BEF5129-97AE-4B06-9807-1BBF057603B8}.Release|x64.Build.0 = Release|x64
		{3BEF5129-97AE-4B06-9807-1BBF057603B8}.Release|x86.ActiveCfg = Release|Win32
		{3BEF5129-97AE-4B06-9807-1BBF057603B8}.Release|x86.Build.0 = Release|Win32
	EndGlobalSection
	GlobalSection(SolutionProperties) = preSolution
		HideSolutionNode = FALSE
	EndGlobalSection
	GlobalSection(ExtensibilityGlobals) = postSolution
		SolutionGuid = {69727027-D0C6-4DC4-9A08-5EA83B44635D}
	EndGlobalSection
EndGlobal
