
Microsoft Visual Studio Solution File, Format Version 12.00
# Visual Studio Version 16
VisualStudioVersion = 16.0.31624.102
MinimumVisualStudioVersion = 10.0.40219.1
Project("{888888A0-9F3D-457C-B088-3A5042F75D52}") = "Lab6_Py", "Lab6_Py.pyproj", "{D2E259B4-FD1A-4760-8F96-005B8BB1D390}"
EndProject
Global
	GlobalSection(SolutionConfigurationPlatforms) = preSolution
		Debug|Any CPU = Debug|Any CPU
		Release|Any CPU = Release|Any CPU
	EndGlobalSection
	GlobalSection(ProjectConfigurationPlatforms) = postSolution
		{D2E259B4-FD1A-4760-8F96-005B8BB1D390}.Debug|Any CPU.ActiveCfg = Debug|Any CPU
		{D2E259B4-FD1A-4760-8F96-005B8BB1D390}.Release|Any CPU.ActiveCfg = Release|Any CPU
	EndGlobalSection
	GlobalSection(SolutionProperties) = preSolution
		HideSolutionNode = FALSE
	EndGlobalSection
	GlobalSection(ExtensibilityGlobals) = postSolution
		SolutionGuid = {D2358C8A-619C-456D-B84A-734039F8DDE8}
	EndGlobalSection
EndGlobal
