
Microsoft Visual Studio Solution File, Format Version 12.00
# Visual Studio Version 17
VisualStudioVersion = 17.1.32228.430
MinimumVisualStudioVersion = 10.0.40219.1
Project("{888888A0-9F3D-457C-B088-3A5042F75D52}") = "Lab2R_py", "Lab2R_py\Lab2R_py.pyproj", "{9F6704A2-B34C-4869-B3B6-14FD004A9067}"
EndProject
Global
	GlobalSection(SolutionConfigurationPlatforms) = preSolution
		Debug|Any CPU = Debug|Any CPU
		Release|Any CPU = Release|Any CPU
	EndGlobalSection
	GlobalSection(ProjectConfigurationPlatforms) = postSolution
		{9F6704A2-B34C-4869-B3B6-14FD004A9067}.Debug|Any CPU.ActiveCfg = Debug|Any CPU
		{9F6704A2-B34C-4869-B3B6-14FD004A9067}.Release|Any CPU.ActiveCfg = Release|Any CPU
	EndGlobalSection
	GlobalSection(SolutionProperties) = preSolution
		HideSolutionNode = FALSE
	EndGlobalSection
	GlobalSection(ExtensibilityGlobals) = postSolution
		SolutionGuid = {94BF04C1-EB43-499D-94FC-192F03CE56C8}
	EndGlobalSection
EndGlobal
